# This file is autogenerated, do not edit; changes may be undone by the next 'dep ensure'.


[[projects]]
  branch = "master"
  name = "github.com/heroku/x"
  packages = [
    "hmetrics",
    "hmetrics/onload"
  ]
  revision = "48c83b5cbbff815fa7f62b76d3f0395a253d7710"

[solve-meta]
  analyzer-name = "dep"
  analyzer-version = 1
  inputs-digest = "f3219b9d26d11082c0ef8f6c4c557c787688a7d277355702393c1bf3b8a078cc"
  solver-name = "gps-cdcl"
  solver-version = 1
